// !$*UTF8*$!
{
	archiveVersion = 1;
	classes = {
	};
	objectVersion = 51;
	objects = {

/* Begin PBXBuildFile section */
		862ABD7069ED2722066124F2 /* Pods_Aimarja.framework in Frameworks */ = {isa = PBXBuildFile; fileRef = 5887D165364FAC71CFFCA5FA /* Pods_Aimarja.framework */; };
		A7361F1B269D620A0069A710 /* AppDelegate.swift in Sources */ = {isa = PBXBuildFile; fileRef = A7361F1A269D620A0069A710 /* AppDelegate.swift */; };
		A7361F1D269D620A0069A710 /* SceneDelegate.swift in Sources */ = {isa = PBXBuildFile; fileRef = A7361F1C269D620A0069A710 /* SceneDelegate.swift */; };
		A7361F1F269D620A0069A710 /* ViewController.swift in Sources */ = {isa = PBXBuildFile; fileRef = A7361F1E269D620A0069A710 /* ViewController.swift */; };
		A7361F22269D620A0069A710 /* Main.storyboard in Resources */ = {isa = PBXBuildFile; fileRef = A7361F20269D620A0069A710 /* Main.storyboard */; };
		A7361F24269D620C0069A710 /* Assets.xcassets in Resources */ = {isa = PBXBuildFile; fileRef = A7361F23269D620C0069A710 /* Assets.xcassets */; };
		A7361F27269D620C0069A710 /* LaunchScreen.storyboard in Resources */ = {isa = PBXBuildFile; fileRef = A7361F25269D620C0069A710 /* LaunchScreen.storyboard */; };
		A7AA584A269D85CC00E4B74B /* XibProtocol.swift in Sources */ = {isa = PBXBuildFile; fileRef = A7AA5849269D85CC00E4B74B /* XibProtocol.swift */; };
		A7AA584F269D9F3C00E4B74B /* BusinessViewController.swift in Sources */ = {isa = PBXBuildFile; fileRef = A7AA584D269D9F3C00E4B74B /* BusinessViewController.swift */; };
		A7AA5850269D9F3C00E4B74B /* BusinessViewController.xib in Resources */ = {isa = PBXBuildFile; fileRef = A7AA584E269D9F3C00E4B74B /* BusinessViewController.xib */; };
		A7AA5852269DA60100E4B74B /* Coordinator.swift in Sources */ = {isa = PBXBuildFile; fileRef = A7AA5851269DA60100E4B74B /* Coordinator.swift */; };
		A7AA5854269DA67300E4B74B /* AppCoordinator.swift in Sources */ = {isa = PBXBuildFile; fileRef = A7AA5853269DA67300E4B74B /* AppCoordinator.swift */; };
		A7AA5859269DACC900E4B74B /* AuthCoordinator.swift in Sources */ = {isa = PBXBuildFile; fileRef = A7AA5858269DACC900E4B74B /* AuthCoordinator.swift */; };
		A7AA585D269DAD3500E4B74B /* BusinessCoordinator.swift in Sources */ = {isa = PBXBuildFile; fileRef = A7AA585C269DAD3500E4B74B /* BusinessCoordinator.swift */; };
		A7AA5860269DAD6200E4B74B /* BusinessCoordinatorManager.swift in Sources */ = {isa = PBXBuildFile; fileRef = A7AA585F269DAD6200E4B74B /* BusinessCoordinatorManager.swift */; };
		A7AA5864269DAECF00E4B74B /* AuthorizationViewController.swift in Sources */ = {isa = PBXBuildFile; fileRef = A7AA5862269DAECF00E4B74B /* AuthorizationViewController.swift */; };
		A7AA5865269DAECF00E4B74B /* AuthorizationViewController.xib in Resources */ = {isa = PBXBuildFile; fileRef = A7AA5863269DAECF00E4B74B /* AuthorizationViewController.xib */; };
		A7AA5868269DB28E00E4B74B /* Session.swift in Sources */ = {isa = PBXBuildFile; fileRef = A7AA5867269DB28E00E4B74B /* Session.swift */; };
/* End PBXBuildFile section */

/* Begin PBXFileReference section */
		01A6C3BAC2884C4A7AFD2CF2 /* Pods-Aimarja.debug.xcconfig */ = {isa = PBXFileReference; includeInIndex = 1; lastKnownFileType = text.xcconfig; name = "Pods-Aimarja.debug.xcconfig"; path = "Target Support Files/Pods-Aimarja/Pods-Aimarja.debug.xcconfig"; sourceTree = "<group>"; };
		5887D165364FAC71CFFCA5FA /* Pods_Aimarja.framework */ = {isa = PBXFileReference; explicitFileType = wrapper.framework; includeInIndex = 0; path = Pods_Aimarja.framework; sourceTree = BUILT_PRODUCTS_DIR; };
		A7361F17269D620A0069A710 /* Aimarja.app */ = {isa = PBXFileReference; explicitFileType = wrapper.application; includeInIndex = 0; path = Aimarja.app; sourceTree = BUILT_PRODUCTS_DIR; };
		A7361F1A269D620A0069A710 /* AppDelegate.swift */ = {isa = PBXFileReference; lastKnownFileType = sourcecode.swift; path = AppDelegate.swift; sourceTree = "<group>"; };
		A7361F1C269D620A0069A710 /* SceneDelegate.swift */ = {isa = PBXFileReference; lastKnownFileType = sourcecode.swift; path = SceneDelegate.swift; sourceTree = "<group>"; };
		A7361F1E269D620A0069A710 /* ViewController.swift */ = {isa = PBXFileReference; lastKnownFileType = sourcecode.swift; path = ViewController.swift; sourceTree = "<group>"; };
		A7361F21269D620A0069A710 /* Base */ = {isa = PBXFileReference; lastKnownFileType = file.storyboard; name = Base; path = Base.lproj/Main.storyboard; sourceTree = "<group>"; };
		A7361F23269D620C0069A710 /* Assets.xcassets */ = {isa = PBXFileReference; lastKnownFileType = folder.assetcatalog; path = Assets.xcassets; sourceTree = "<group>"; };
		A7361F26269D620C0069A710 /* Base */ = {isa = PBXFileReference; lastKnownFileType = file.storyboard; name = Base; path = Base.lproj/LaunchScreen.storyboard; sourceTree = "<group>"; };
		A7361F28269D620C0069A710 /* Info.plist */ = {isa = PBXFileReference; lastKnownFileType = text.plist.xml; path = Info.plist; sourceTree = "<group>"; };
		A7AA5849269D85CC00E4B74B /* XibProtocol.swift */ = {isa = PBXFileReference; lastKnownFileType = sourcecode.swift; path = XibProtocol.swift; sourceTree = "<group>"; };
		A7AA584D269D9F3C00E4B74B /* BusinessViewController.swift */ = {isa = PBXFileReference; lastKnownFileType = sourcecode.swift; path = BusinessViewController.swift; sourceTree = "<group>"; };
		A7AA584E269D9F3C00E4B74B /* BusinessViewController.xib */ = {isa = PBXFileReference; lastKnownFileType = file.xib; path = BusinessViewController.xib; sourceTree = "<group>"; };
		A7AA5851269DA60100E4B74B /* Coordinator.swift */ = {isa = PBXFileReference; lastKnownFileType = sourcecode.swift; path = Coordinator.swift; sourceTree = "<group>"; };
		A7AA5853269DA67300E4B74B /* AppCoordinator.swift */ = {isa = PBXFileReference; lastKnownFileType = sourcecode.swift; path = AppCoordinator.swift; sourceTree = "<group>"; };
		A7AA5858269DACC900E4B74B /* AuthCoordinator.swift */ = {isa = PBXFileReference; lastKnownFileType = sourcecode.swift; path = AuthCoordinator.swift; sourceTree = "<group>"; };
		A7AA585C269DAD3500E4B74B /* BusinessCoordinator.swift */ = {isa = PBXFileReference; lastKnownFileType = sourcecode.swift; path = BusinessCoordinator.swift; sourceTree = "<group>"; };
		A7AA585F269DAD6200E4B74B /* BusinessCoordinatorManager.swift */ = {isa = PBXFileReference; lastKnownFileType = sourcecode.swift; path = BusinessCoordinatorManager.swift; sourceTree = "<group>"; };
		A7AA5862269DAECF00E4B74B /* AuthorizationViewController.swift */ = {isa = PBXFileReference; lastKnownFileType = sourcecode.swift; path = AuthorizationViewController.swift; sourceTree = "<group>"; };
		A7AA5863269DAECF00E4B74B /* AuthorizationViewController.xib */ = {isa = PBXFileReference; lastKnownFileType = file.xib; path = AuthorizationViewController.xib; sourceTree = "<group>"; };
		A7AA5867269DB28E00E4B74B /* Session.swift */ = {isa = PBXFileReference; lastKnownFileType = sourcecode.swift; path = Session.swift; sourceTree = "<group>"; };
		BC43CBCCDA3126EA556EE272 /* Pods-Aimarja.release.xcconfig */ = {isa = PBXFileReference; includeInIndex = 1; lastKnownFileType = text.xcconfig; name = "Pods-Aimarja.release.xcconfig"; path = "Target Support Files/Pods-Aimarja/Pods-Aimarja.release.xcconfig"; sourceTree = "<group>"; };
/* End PBXFileReference section */

/* Begin PBXFrameworksBuildPhase section */
		A7361F14269D62090069A710 /* Frameworks */ = {
			isa = PBXFrameworksBuildPhase;
			buildActionMask = 2147483647;
			files = (
				862ABD7069ED2722066124F2 /* Pods_Aimarja.framework in Frameworks */,
			);
			runOnlyForDeploymentPostprocessing = 0;
		};
/* End PBXFrameworksBuildPhase section */

/* Begin PBXGroup section */
		916E3CB0C6F48561FD94DFF6 /* Frameworks */ = {
			isa = PBXGroup;
			children = (
				5887D165364FAC71CFFCA5FA /* Pods_Aimarja.framework */,
			);
			name = Frameworks;
			sourceTree = "<group>";
		};
		A7361F0E269D62090069A710 = {
			isa = PBXGroup;
			children = (
				A7361F19269D620A0069A710 /* Aimarja */,
				A7361F18269D620A0069A710 /* Products */,
				C6179C8EBEB7A694D40121EA /* Pods */,
				916E3CB0C6F48561FD94DFF6 /* Frameworks */,
			);
			sourceTree = "<group>";
		};
		A7361F18269D620A0069A710 /* Products */ = {
			isa = PBXGroup;
			children = (
				A7361F17269D620A0069A710 /* Aimarja.app */,
			);
			name = Products;
			sourceTree = "<group>";
		};
		A7361F19269D620A0069A710 /* Aimarja */ = {
			isa = PBXGroup;
			children = (
				A7AA5866269DB26800E4B74B /* Singleton */,
				A7AA5848269D85B800E4B74B /* Coordinator */,
				A7361F30269D69310069A710 /* Modules */,
				A7361F2F269D68FA0069A710 /* Resources */,
				A7361F2E269D68D10069A710 /* App */,
			);
			path = Aimarja;
			sourceTree = "<group>";
		};
		A7361F2E269D68D10069A710 /* App */ = {
			isa = PBXGroup;
			children = (
				A7361F1A269D620A0069A710 /* AppDelegate.swift */,
				A7361F1C269D620A0069A710 /* SceneDelegate.swift */,
			);
			path = App;
			sourceTree = "<group>";
		};
		A7361F2F269D68FA0069A710 /* Resources */ = {
			isa = PBXGroup;
			children = (
				A7361F20269D620A0069A710 /* Main.storyboard */,
				A7361F23269D620C0069A710 /* Assets.xcassets */,
				A7361F25269D620C0069A710 /* LaunchScreen.storyboard */,
				A7361F28269D620C0069A710 /* Info.plist */,
			);
			path = Resources;
			sourceTree = "<group>";
		};
		A7361F30269D69310069A710 /* Modules */ = {
			isa = PBXGroup;
			children = (
				A7AA584C269D9F1200E4B74B /* Business */,
				A7AA584B269D9F0C00E4B74B /* Auth */,
				A7361F1E269D620A0069A710 /* ViewController.swift */,
			);
			path = Modules;
			sourceTree = "<group>";
		};
		A7AA5848269D85B800E4B74B /* Coordinator */ = {
			isa = PBXGroup;
			children = (
				A7AA585A269DAD0100E4B74B /* AppCoordinator */,
				A7AA5849269D85CC00E4B74B /* XibProtocol.swift */,
				A7AA5851269DA60100E4B74B /* Coordinator.swift */,
			);
			path = Coordinator;
			sourceTree = "<group>";
		};
		A7AA584B269D9F0C00E4B74B /* Auth */ = {
			isa = PBXGroup;
			children = (
				A7AA5861269DAEBD00E4B74B /* View */,
				A7AA5857269DACBD00E4B74B /* AuthCoordinator */,
			);
			path = Auth;
			sourceTree = "<group>";
		};
		A7AA584C269D9F1200E4B74B /* Business */ = {
			isa = PBXGroup;
			children = (
				A7AA585B269DAD1500E4B74B /* BusinessCoordinator */,
				A7AA584D269D9F3C00E4B74B /* BusinessViewController.swift */,
				A7AA584E269D9F3C00E4B74B /* BusinessViewController.xib */,
			);
			path = Business;
			sourceTree = "<group>";
		};
		A7AA5857269DACBD00E4B74B /* AuthCoordinator */ = {
			isa = PBXGroup;
			children = (
				A7AA5858269DACC900E4B74B /* AuthCoordinator.swift */,
			);
			path = AuthCoordinator;
			sourceTree = "<group>";
		};
		A7AA585A269DAD0100E4B74B /* AppCoordinator */ = {
			isa = PBXGroup;
			children = (
				A7AA5853269DA67300E4B74B /* AppCoordinator.swift */,
			);
			path = AppCoordinator;
			sourceTree = "<group>";
		};
		A7AA585B269DAD1500E4B74B /* BusinessCoordinator */ = {
			isa = PBXGroup;
			children = (
				A7AA585C269DAD3500E4B74B /* BusinessCoordinator.swift */,
				A7AA585F269DAD6200E4B74B /* BusinessCoordinatorManager.swift */,
			);
			path = BusinessCoordinator;
			sourceTree = "<group>";
		};
		A7AA5861269DAEBD00E4B74B /* View */ = {
			isa = PBXGroup;
			children = (
				A7AA5862269DAECF00E4B74B /* AuthorizationViewController.swift */,
				A7AA5863269DAECF00E4B74B /* AuthorizationViewController.xib */,
			);
			path = View;
			sourceTree = "<group>";
		};
		A7AA5866269DB26800E4B74B /* Singleton */ = {
			isa = PBXGroup;
			children = (
				A7AA5867269DB28E00E4B74B /* Session.swift */,
			);
			path = Singleton;
			sourceTree = "<group>";
		};
		C6179C8EBEB7A694D40121EA /* Pods */ = {
			isa = PBXGroup;
			children = (
				01A6C3BAC2884C4A7AFD2CF2 /* Pods-Aimarja.debug.xcconfig */,
				BC43CBCCDA3126EA556EE272 /* Pods-Aimarja.release.xcconfig */,
			);
			path = Pods;
			sourceTree = "<group>";
		};
/* End PBXGroup section */

/* Begin PBXNativeTarget section */
		A7361F16269D62090069A710 /* Aimarja */ = {
			isa = PBXNativeTarget;
			buildConfigurationList = A7361F2B269D620C0069A710 /* Build configuration list for PBXNativeTarget "Aimarja" */;
			buildPhases = (
				C2E139B5CA07738A650EC3E8 /* [CP] Check Pods Manifest.lock */,
				A7361F13269D62090069A710 /* Sources */,
				A7361F14269D62090069A710 /* Frameworks */,
				A7361F15269D62090069A710 /* Resources */,
				87C42345A40506159975E612 /* [CP] Embed Pods Frameworks */,
			);
			buildRules = (
			);
			dependencies = (
			);
			name = Aimarja;
			productName = Aimarja;
			productReference = A7361F17269D620A0069A710 /* Aimarja.app */;
			productType = "com.apple.product-type.application";
		};
/* End PBXNativeTarget section */

/* Begin PBXProject section */
		A7361F0F269D62090069A710 /* Project object */ = {
			isa = PBXProject;
			attributes = {
				LastSwiftUpdateCheck = 1250;
				LastUpgradeCheck = 1250;
				TargetAttributes = {
					A7361F16269D62090069A710 = {
						CreatedOnToolsVersion = 12.5.1;
					};
				};
			};
			buildConfigurationList = A7361F12269D62090069A710 /* Build configuration list for PBXProject "Aimarja" */;
			compatibilityVersion = "Xcode 9.3";
			developmentRegion = en;
			hasScannedForEncodings = 0;
			knownRegions = (
				en,
				Base,
			);
			mainGroup = A7361F0E269D62090069A710;
			productRefGroup = A7361F18269D620A0069A710 /* Products */;
			projectDirPath = "";
			projectRoot = "";
			targets = (
				A7361F16269D62090069A710 /* Aimarja */,
			);
		};
/* End PBXProject section */

/* Begin PBXResourcesBuildPhase section */
		A7361F15269D62090069A710 /* Resources */ = {
			isa = PBXResourcesBuildPhase;
			buildActionMask = 2147483647;
			files = (
				A7361F27269D620C0069A710 /* LaunchScreen.storyboard in Resources */,
				A7AA5865269DAECF00E4B74B /* AuthorizationViewController.xib in Resources */,
				A7361F24269D620C0069A710 /* Assets.xcassets in Resources */,
				A7AA5850269D9F3C00E4B74B /* BusinessViewController.xib in Resources */,
				A7361F22269D620A0069A710 /* Main.storyboard in Resources */,
			);
			runOnlyForDeploymentPostprocessing = 0;
		};
/* End PBXResourcesBuildPhase section */

/* Begin PBXShellScriptBuildPhase section */
		87C42345A40506159975E612 /* [CP] Embed Pods Frameworks */ = {
			isa = PBXShellScriptBuildPhase;
			buildActionMask = 2147483647;
			files = (
			);
			inputFileListPaths = (
				"${PODS_ROOT}/Target Support Files/Pods-Aimarja/Pods-Aimarja-frameworks-${CONFIGURATION}-input-files.xcfilelist",
			);
			name = "[CP] Embed Pods Frameworks";
			outputFileListPaths = (
				"${PODS_ROOT}/Target Support Files/Pods-Aimarja/Pods-Aimarja-frameworks-${CONFIGURATION}-output-files.xcfilelist",
			);
			runOnlyForDeploymentPostprocessing = 0;
			shellPath = /bin/sh;
			shellScript = "\"${PODS_ROOT}/Target Support Files/Pods-Aimarja/Pods-Aimarja-frameworks.sh\"\n";
			showEnvVarsInLog = 0;
		};
		C2E139B5CA07738A650EC3E8 /* [CP] Check Pods Manifest.lock */ = {
			isa = PBXShellScriptBuildPhase;
			buildActionMask = 2147483647;
			files = (
			);
			inputFileListPaths = (
			);
			inputPaths = (
				"${PODS_PODFILE_DIR_PATH}/Podfile.lock",
				"${PODS_ROOT}/Manifest.lock",
			);
			name = "[CP] Check Pods Manifest.lock";
			outputFileListPaths = (
			);
			outputPaths = (
				"$(DERIVED_FILE_DIR)/Pods-Aimarja-checkManifestLockResult.txt",
			);
			runOnlyForDeploymentPostprocessing = 0;
			shellPath = /bin/sh;
			shellScript = "diff \"${PODS_PODFILE_DIR_PATH}/Podfile.lock\" \"${PODS_ROOT}/Manifest.lock\" > /dev/null\nif [ $? != 0 ] ; then\n    # print error to STDERR\n    echo \"error: The sandbox is not in sync with the Podfile.lock. Run 'pod install' or update your CocoaPods installation.\" >&2\n    exit 1\nfi\n# This output is used by Xcode 'outputs' to avoid re-running this script phase.\necho \"SUCCESS\" > \"${SCRIPT_OUTPUT_FILE_0}\"\n";
			showEnvVarsInLog = 0;
		};
/* End PBXShellScriptBuildPhase section */

/* Begin PBXSourcesBuildPhase section */
		A7361F13269D62090069A710 /* Sources */ = {
			isa = PBXSourcesBuildPhase;
			buildActionMask = 2147483647;
			files = (
				A7AA5864269DAECF00E4B74B /* AuthorizationViewController.swift in Sources */,
				A7AA584A269D85CC00E4B74B /* XibProtocol.swift in Sources */,
				A7361F1F269D620A0069A710 /* ViewController.swift in Sources */,
				A7AA5860269DAD6200E4B74B /* BusinessCoordinatorManager.swift in Sources */,
				A7AA5852269DA60100E4B74B /* Coordinator.swift in Sources */,
				A7361F1B269D620A0069A710 /* AppDelegate.swift in Sources */,
				A7AA585D269DAD3500E4B74B /* BusinessCoordinator.swift in Sources */,
				A7AA5868269DB28E00E4B74B /* Session.swift in Sources */,
				A7AA584F269D9F3C00E4B74B /* BusinessViewController.swift in Sources */,
				A7361F1D269D620A0069A710 /* SceneDelegate.swift in Sources */,
				A7AA5859269DACC900E4B74B /* AuthCoordinator.swift in Sources */,
				A7AA5854269DA67300E4B74B /* AppCoordinator.swift in Sources */,
			);
			runOnlyForDeploymentPostprocessing = 0;
		};
/* End PBXSourcesBuildPhase section */

/* Begin PBXVariantGroup section */
		A7361F20269D620A0069A710 /* Main.storyboard */ = {
			isa = PBXVariantGroup;
			children = (
				A7361F21269D620A0069A710 /* Base */,
			);
			name = Main.storyboard;
			sourceTree = "<group>";
		};
		A7361F25269D620C0069A710 /* LaunchScreen.storyboard */ = {
			isa = PBXVariantGroup;
			children = (
				A7361F26269D620C0069A710 /* Base */,
			);
			name = LaunchScreen.storyboard;
			sourceTree = "<group>";
		};
/* End PBXVariantGroup section */

/* Begin XCBuildConfiguration section */
		A7361F29269D620C0069A710 /* Debug */ = {
			isa = XCBuildConfiguration;
			buildSettings = {
				ALWAYS_SEARCH_USER_PATHS = NO;
				CLANG_ANALYZER_NONNULL = YES;
				CLANG_ANALYZER_NUMBER_OBJECT_CONVERSION = YES_AGGRESSIVE;
				CLANG_CXX_LANGUAGE_STANDARD = "gnu++14";
				CLANG_CXX_LIBRARY = "libc++";
				CLANG_ENABLE_MODULES = YES;
				CLANG_ENABLE_OBJC_ARC = YES;
				CLANG_ENABLE_OBJC_WEAK = YES;
				CLANG_WARN_BLOCK_CAPTURE_AUTORELEASING = YES;
				CLANG_WARN_BOOL_CONVERSION = YES;
				CLANG_WARN_COMMA = YES;
				CLANG_WARN_CONSTANT_CONVERSION = YES;
				CLANG_WARN_DEPRECATED_OBJC_IMPLEMENTATIONS = YES;
				CLANG_WARN_DIRECT_OBJC_ISA_USAGE = YES_ERROR;
				CLANG_WARN_DOCUMENTATION_COMMENTS = YES;
				CLANG_WARN_EMPTY_BODY = YES;
				CLANG_WARN_ENUM_CONVERSION = YES;
				CLANG_WARN_INFINITE_RECURSION = YES;
				CLANG_WARN_INT_CONVERSION = YES;
				CLANG_WARN_NON_LITERAL_NULL_CONVERSION = YES;
				CLANG_WARN_OBJC_IMPLICIT_RETAIN_SELF = YES;
				CLANG_WARN_OBJC_LITERAL_CONVERSION = YES;
				CLANG_WARN_OBJC_ROOT_CLASS = YES_ERROR;
				CLANG_WARN_QUOTED_INCLUDE_IN_FRAMEWORK_HEADER = YES;
				CLANG_WARN_RANGE_LOOP_ANALYSIS = YES;
				CLANG_WARN_STRICT_PROTOTYPES = YES;
				CLANG_WARN_SUSPICIOUS_MOVE = YES;
				CLANG_WARN_UNGUARDED_AVAILABILITY = YES_AGGRESSIVE;
				CLANG_WARN_UNREACHABLE_CODE = YES;
				CLANG_WARN__DUPLICATE_METHOD_MATCH = YES;
				COPY_PHASE_STRIP = NO;
				DEBUG_INFORMATION_FORMAT = dwarf;
				ENABLE_STRICT_OBJC_MSGSEND = YES;
				ENABLE_TESTABILITY = YES;
				GCC_C_LANGUAGE_STANDARD = gnu11;
				GCC_DYNAMIC_NO_PIC = NO;
				GCC_NO_COMMON_BLOCKS = YES;
				GCC_OPTIMIZATION_LEVEL = 0;
				GCC_PREPROCESSOR_DEFINITIONS = (
					"DEBUG=1",
					"$(inherited)",
				);
				GCC_WARN_64_TO_32_BIT_CONVERSION = YES;
				GCC_WARN_ABOUT_RETURN_TYPE = YES_ERROR;
				GCC_WARN_UNDECLARED_SELECTOR = YES;
				GCC_WARN_UNINITIALIZED_AUTOS = YES_AGGRESSIVE;
				GCC_WARN_UNUSED_FUNCTION = YES;
				GCC_WARN_UNUSED_VARIABLE = YES;
				IPHONEOS_DEPLOYMENT_TARGET = 14.3;
				MTL_ENABLE_DEBUG_INFO = INCLUDE_SOURCE;
				MTL_FAST_MATH = YES;
				ONLY_ACTIVE_ARCH = YES;
				SDKROOT = iphoneos;
				SWIFT_ACTIVE_COMPILATION_CONDITIONS = DEBUG;
				SWIFT_OPTIMIZATION_LEVEL = "-Onone";
			};
			name = Debug;
		};
		A7361F2A269D620C0069A710 /* Release */ = {
			isa = XCBuildConfiguration;
			buildSettings = {
				ALWAYS_SEARCH_USER_PATHS = NO;
				CLANG_ANALYZER_NONNULL = YES;
				CLANG_ANALYZER_NUMBER_OBJECT_CONVERSION = YES_AGGRESSIVE;
				CLANG_CXX_LANGUAGE_STANDARD = "gnu++14";
				CLANG_CXX_LIBRARY = "libc++";
				CLANG_ENABLE_MODULES = YES;
				CLANG_ENABLE_OBJC_ARC = YES;
				CLANG_ENABLE_OBJC_WEAK = YES;
				CLANG_WARN_BLOCK_CAPTURE_AUTORELEASING = YES;
				CLANG_WARN_BOOL_CONVERSION = YES;
				CLANG_WARN_COMMA = YES;
				CLANG_WARN_CONSTANT_CONVERSION = YES;
				CLANG_WARN_DEPRECATED_OBJC_IMPLEMENTATIONS = YES;
				CLANG_WARN_DIRECT_OBJC_ISA_USAGE = YES_ERROR;
				CLANG_WARN_DOCUMENTATION_COMMENTS = YES;
				CLANG_WARN_EMPTY_BODY = YES;
				CLANG_WARN_ENUM_CONVERSION = YES;
				CLANG_WARN_INFINITE_RECURSION = YES;
				CLANG_WARN_INT_CONVERSION = YES;
				CLANG_WARN_NON_LITERAL_NULL_CONVERSION = YES;
				CLANG_WARN_OBJC_IMPLICIT_RETAIN_SELF = YES;
				CLANG_WARN_OBJC_LITERAL_CONVERSION = YES;
				CLANG_WARN_OBJC_ROOT_CLASS = YES_ERROR;
				CLANG_WARN_QUOTED_INCLUDE_IN_FRAMEWORK_HEADER = YES;
				CLANG_WARN_RANGE_LOOP_ANALYSIS = YES;
				CLANG_WARN_STRICT_PROTOTYPES = YES;
				CLANG_WARN_SUSPICIOUS_MOVE = YES;
				CLANG_WARN_UNGUARDED_AVAILABILITY = YES_AGGRESSIVE;
				CLANG_WARN_UNREACHABLE_CODE = YES;
				CLANG_WARN__DUPLICATE_METHOD_MATCH = YES;
				COPY_PHASE_STRIP = NO;
				DEBUG_INFORMATION_FORMAT = "dwarf-with-dsym";
				ENABLE_NS_ASSERTIONS = NO;
				ENABLE_STRICT_OBJC_MSGSEND = YES;
				GCC_C_LANGUAGE_STANDARD = gnu11;
				GCC_NO_COMMON_BLOCKS = YES;
				GCC_WARN_64_TO_32_BIT_CONVERSION = YES;
				GCC_WARN_ABOUT_RETURN_TYPE = YES_ERROR;
				GCC_WARN_UNDECLARED_SELECTOR = YES;
				GCC_WARN_UNINITIALIZED_AUTOS = YES_AGGRESSIVE;
				GCC_WARN_UNUSED_FUNCTION = YES;
				GCC_WARN_UNUSED_VARIABLE = YES;
				IPHONEOS_DEPLOYMENT_TARGET = 14.3;
				MTL_ENABLE_DEBUG_INFO = NO;
				MTL_FAST_MATH = YES;
				SDKROOT = iphoneos;
				SWIFT_COMPILATION_MODE = wholemodule;
				SWIFT_OPTIMIZATION_LEVEL = "-O";
				VALIDATE_PRODUCT = YES;
			};
			name = Release;
		};
		A7361F2C269D620C0069A710 /* Debug */ = {
			isa = XCBuildConfiguration;
			baseConfigurationReference = 01A6C3BAC2884C4A7AFD2CF2 /* Pods-Aimarja.debug.xcconfig */;
			buildSettings = {
				ASSETCATALOG_COMPILER_APPICON_NAME = AppIcon;
				ASSETCATALOG_COMPILER_GLOBAL_ACCENT_COLOR_NAME = AccentColor;
				CODE_SIGN_STYLE = Automatic;
				DEVELOPMENT_TEAM = 233CLBU936;
				INFOPLIST_FILE = Aimarja/Resources/Info.plist;
				LD_RUNPATH_SEARCH_PATHS = (
					"$(inherited)",
					"@executable_path/Frameworks",
				);
				PRODUCT_BUNDLE_IDENTIFIER = "Valentin-Mironov.Aimarja";
				PRODUCT_NAME = "$(TARGET_NAME)";
				SWIFT_VERSION = 5.0;
				TARGETED_DEVICE_FAMILY = "1,2";
			};
			name = Debug;
		};
		A7361F2D269D620C0069A710 /* Release */ = {
			isa = XCBuildConfiguration;
			baseConfigurationReference = BC43CBCCDA3126EA556EE272 /* Pods-Aimarja.release.xcconfig */;
			buildSettings = {
				ASSETCATALOG_COMPILER_APPICON_NAME = AppIcon;
				ASSETCATALOG_COMPILER_GLOBAL_ACCENT_COLOR_NAME = AccentColor;
				CODE_SIGN_STYLE = Automatic;
				DEVELOPMENT_TEAM = 233CLBU936;
				INFOPLIST_FILE = Aimarja/Resources/Info.plist;
				LD_RUNPATH_SEARCH_PATHS = (
					"$(inherited)",
					"@executable_path/Frameworks",
				);
				PRODUCT_BUNDLE_IDENTIFIER = "Valentin-Mironov.Aimarja";
				PRODUCT_NAME = "$(TARGET_NAME)";
				SWIFT_VERSION = 5.0;
				TARGETED_DEVICE_FAMILY = "1,2";
			};
			name = Release;
		};
/* End XCBuildConfiguration section */

/* Begin XCConfigurationList section */
		A7361F12269D62090069A710 /* Build configuration list for PBXProject "Aimarja" */ = {
			isa = XCConfigurationList;
			buildConfigurations = (
				A7361F29269D620C0069A710 /* Debug */,
				A7361F2A269D620C0069A710 /* Release */,
			);
			defaultConfigurationIsVisible = 0;
			defaultConfigurationName = Release;
		};
		A7361F2B269D620C0069A710 /* Build configuration list for PBXNativeTarget "Aimarja" */ = {
			isa = XCConfigurationList;
			buildConfigurations = (
				A7361F2C269D620C0069A710 /* Debug */,
				A7361F2D269D620C0069A710 /* Release */,
			);
			defaultConfigurationIsVisible = 0;
			defaultConfigurationName = Release;
		};
/* End XCConfigurationList section */
	};
	rootObject = A7361F0F269D62090069A710 /* Project object */;
}
